
Microsoft Visual Studio Solution File, Format Version 12.00
# Visual Studio Version 16
VisualStudioVersion = 16.0.30503.244
MinimumVisualStudioVersion = 10.0.40219.1
Project("{FAE04EC0-301F-11D3-BF4B-00C04F79EFBC}") = "xyuntoswitcher", "xyuntoswitcher.csproj", "{76D11DC6-4A06-4B1B-8F59-914F39DBACEA}"
EndProject
Global
	GlobalSection(SolutionConfigurationPlatforms) = preSolution
		Debug|Any CPU = Debug|Any CPU
		Release|Any CPU = Release|Any CPU
	EndGlobalSection
	GlobalSection(ProjectConfigurationPlatforms) = postSolution
		{76D11DC6-4A06-4B1B-8F59-914F39DBACEA}.Debug|Any CPU.ActiveCfg = Debug|Any CPU
		{76D11DC6-4A06-4B1B-8F59-914F39DBACEA}.Debug|Any CPU.Build.0 = Debug|Any CPU
		{76D11DC6-4A06-4B1B-8F59-914F39DBACEA}.Release|Any CPU.ActiveCfg = Release|Any CPU
		{76D11DC6-4A06-4B1B-8F59-914F39DBACEA}.Release|Any CPU.Build.0 = Release|Any CPU
	EndGlobalSection
	GlobalSection(SolutionProperties) = preSolution
		HideSolutionNode = FALSE
	EndGlobalSection
	GlobalSection(ExtensibilityGlobals) = postSolution
		SolutionGuid = {6143D1C5-CC1A-4C12-8F7F-73A4A83F8D7E}
	EndGlobalSection
EndGlobal
